{
  "requires": true,
  "lockfileVersion": 1,
  "dependencies": {
    "@mozilla-protocol/core": {
      "version": "12.0.0",
      "resolved": "https://registry.npmjs.org/@mozilla-protocol/core/-/core-12.0.0.tgz",
      "integrity": "sha512-XZfkjexHKtVq//YLBe9hRAosgYObqYZYvlfHLNK2LtZDU4g9CJohY7NzvSrBHz+w+lt7fvUIMmmhtknFzayGpA=="
    }
  }
}
